{
    "_meta": {
        "hash": {
            "sha256": "29dcc92c157da7508ed625591ba58da9f5c72c3c80f0eafdb3093cd3343d9537"
        },
        "pipfile-spec": 6,
        "requires": {
            "python_version": "3.7"
        },
        "sources": [
            {
                "name": "pypi",
                "url": "https://pypi.org/simple",
                "verify_ssl": true
            }
        ]
    },
    "default": {
        "absl-py": {
            "hashes": [
                "sha256:b20f504a7871a580be5268a18fbad48af4203df5d33dbc9272426cb806245a45",
                "sha256:ea07d7d437798bffc14f39fccec3909d251a1e76e233205ded72b71c267e0178"
            ],
            "version": "==0.10.0"
        },
        "astor": {
            "hashes": [
                "sha256:070a54e890cefb5b3739d19f30f5a5ec840ffc9c50ffa7d23cc9fc1a38ebbfc5",
                "sha256:6a6effda93f4e1ce9f618779b2dd1d9d84f1e32812c23a29b3fff6fd7f63fa5e"
            ],
            "markers": "python_version >= '2.7' and python_version not in '3.0, 3.1, 3.2, 3.3'",
            "version": "==0.8.1"
        },
        "doptical": {
            "path": "./../doptical",
            "version": "==0.1"
        },
        "future": {
            "hashes": [
                "sha256:b1bead90b70cf6ec3f0710ae53a525360fa360d306a86583adc6bf83a4db537d"
            ],
            "markers": "python_version >= '2.6' and python_version not in '3.0, 3.1, 3.2'",
            "version": "==0.18.2"
        },
        "gast": {
            "hashes": [
                "sha256:fe939df4583692f0512161ec1c880e0a10e71e6a232da045ab8edd3756fbadf0"
            ],
            "version": "==0.2.2"
        },
        "google-pasta": {
            "hashes": [
                "sha256:4612951da876b1a10fe3960d7226f0c7682cf901e16ac06e473b267a5afa8954",
                "sha256:b32482794a366b5366a32c92a9a9201b107821889935a02b3e51f6b432ea84ed",
                "sha256:c9f2c8dfc8f96d0d5808299920721be30c9eec37f2389f28904f454565c8a16e"
            ],
            "version": "==0.2.0"
        },
        "grpcio": {
            "hashes": [
                "sha256:013287f99c99b201aa8a5f6bc7918f616739b9be031db132d9e3b8453e95e151",
                "sha256:0397616355760cd8282ed5ea34d51830ae4cb6613b7e5f66bed3be5d041b8b9a",
                "sha256:074871a184483d5cd0746fd01e7d214d3ee9d36e67e32a5786b0a21f29fb8304",
                "sha256:08a9b648dbe8852ff94b73a1c96da126834c3057ba2301d13e8c4adff334c482",
                "sha256:0fa86ac4452602c79774783aa68979a1a7625ebb7eaabee2b6550b975b9d61e6",
                "sha256:220c46b1fc9c9a6fcca4caac398f08f0ed43cdd63c45b7458983c4a1575ef6df",
                "sha256:259240aab2603891553e17ad5b2655693df79e02a9b887ff605bdeb2fcd3dcc9",
                "sha256:292635f05b6ce33f87116951d0b3d8d330bdfc5cac74f739370d60981e8c256c",
                "sha256:344b50865914cc8e6d023457bffee9a640abb18f75d0f2bb519041961c748da9",
                "sha256:3c2aa6d7a5e5bf73fdb1715eee777efe06dd39df03383f1cc095b2fdb34883e6",
                "sha256:43d44548ad6ee738b941abd9f09e3b83a5c13f3e1410321023c3c148ba50e796",
                "sha256:5043440c45c0a031f387e7f48527541c65d672005fb24cf18ef6857483557d39",
                "sha256:58d7121f48cb94535a4cedcce32921d0d0a78563c7372a143dedeec196d1c637",
                "sha256:5d7faa89992e015d245750ca9ac916c161bbf72777b2c60abc61da3fae41339e",
                "sha256:5fb0923b16590bac338e92d98c7d8effb3cfad1d2e18c71bf86bde32c49cd6dd",
                "sha256:63ee8e02d04272c3d103f44b4bce5d43ea757dd288673cea212d2f7da27967d2",
                "sha256:64077e3a9a7cf2f59e6c76d503c8de1f18a76428f41a5b000dc53c48a0b772ff",
                "sha256:739a72abffbd36083ff7adbb862cf1afc1e311c35834bed9c0361d8e68b063e1",
                "sha256:75e383053dccb610590aa53eed5278db5c09bf498d3b5105ce6c776478f59352",
                "sha256:7a11b1ebb3210f34913b8be6995936bf9ebc541a65ab69e75db5ce1fe5047e8f",
                "sha256:8002a89ea91c0078c15d3c0daf423fd4968946be78f08545e807ea9a5ff8054a",
                "sha256:8b42f0ac76be07a5fa31117a3388d754ad35ef05e2e34be185ca9ccbcfac2069",
                "sha256:8ca26b489b5dc1e3d31807d329c23d6cb06fe40fbae25b0649b718947936e26a",
                "sha256:92e54ab65e782f227e751c7555918afaba8d1229601687e89b80c2b65d2f6642",
                "sha256:a9a7ae74cb3108e6457cf15532d4c300324b48fbcf3ef290bcd2835745f20510",
                "sha256:ba3e43cb984399064ffaa3c0997576e46a1e268f9da05f97cd9b272f0b59ee71",
                "sha256:baaa036540d7ace433bdf38a3fe5e41cf9f84cdf10a88bac805f678a7ca8ddcc",
                "sha256:bf00ab06ea4f89976288f4d6224d4aa120780e30c955d4f85c3214ada29b3ddf",
                "sha256:bf39977282a79dc1b2765cc3402c0ada571c29a491caec6ed12c0993c1ec115e",
                "sha256:c22b19abba63562a5a200e586b5bde39d26c8ec30c92e26d209d81182371693b",
                "sha256:c9016ab1eaf4e054099303287195f3746bd4e69f2631d040f9dca43e910a5408",
                "sha256:d2c5e05c257859febd03f5d81b5015e1946d6bcf475c7bf63ee99cea8ab0d590",
                "sha256:e64bddd09842ef508d72ca354319b0eb126205d951e8ac3128fe9869bd563552",
                "sha256:e8c3264b0fd728aadf3f0324471843f65bd3b38872bdab2a477e31ffb685dd5b",
                "sha256:ea849210e7362559f326cbe603d5b8d8bb1e556e86a7393b5a8847057de5b084",
                "sha256:ebb2ca09fa17537e35508a29dcb05575d4d9401138a68e83d1c605d65e8a1770",
                "sha256:ef9fce98b6fe03874c2a6576b02aec1a0df25742cd67d1d7b75a49e30aa74225",
                "sha256:f04c59d186af3157dc8811114130aaeae92e90a65283733f41de94eed484e1f7",
                "sha256:f5b0870b733bcb7b6bf05a02035e7aaf20f599d3802b390282d4c2309f825f1d"
            ],
            "index": "pypi",
            "version": "==1.31.0"
        },
        "h5py": {
            "hashes": [
                "sha256:063947eaed5f271679ed4ffa36bb96f57bc14f44dd4336a827d9a02702e6ce6b",
                "sha256:13c87efa24768a5e24e360a40e0bc4c49bcb7ce1bb13a3a7f9902cec302ccd36",
                "sha256:16ead3c57141101e3296ebeed79c9c143c32bdd0e82a61a2fc67e8e6d493e9d1",
                "sha256:3dad1730b6470fad853ef56d755d06bb916ee68a3d8272b3bab0c1ddf83bb99e",
                "sha256:51ae56894c6c93159086ffa2c94b5b3388c0400548ab26555c143e7cfa05b8e5",
                "sha256:54817b696e87eb9e403e42643305f142cd8b940fe9b3b490bbf98c3b8a894cf4",
                "sha256:549ad124df27c056b2e255ea1c44d30fb7a17d17676d03096ad5cd85edb32dc1",
                "sha256:64f74da4a1dd0d2042e7d04cf8294e04ddad686f8eba9bb79e517ae582f6668d",
                "sha256:6998be619c695910cb0effe5eb15d3a511d3d1a5d217d4bd0bebad1151ec2262",
                "sha256:6ef7ab1089e3ef53ca099038f3c0a94d03e3560e6aff0e9d6c64c55fb13fc681",
                "sha256:769e141512b54dee14ec76ed354fcacfc7d97fea5a7646b709f7400cf1838630",
                "sha256:79b23f47c6524d61f899254f5cd5e486e19868f1823298bc0c29d345c2447172",
                "sha256:7be5754a159236e95bd196419485343e2b5875e806fe68919e087b6351f40a70",
                "sha256:84412798925dc870ffd7107f045d7659e60f5d46d1c70c700375248bf6bf512d",
                "sha256:86868dc07b9cc8cb7627372a2e6636cdc7a53b7e2854ad020c9e9d8a4d3fd0f5",
                "sha256:8bb1d2de101f39743f91512a9750fb6c351c032e5cd3204b4487383e34da7f75",
                "sha256:a5f82cd4938ff8761d9760af3274acf55afc3c91c649c50ab18fcff5510a14a5",
                "sha256:aac4b57097ac29089f179bbc2a6e14102dd210618e94d77ee4831c65f82f17c0",
                "sha256:bffbc48331b4a801d2f4b7dac8a72609f0b10e6e516e5c480a3e3241e091c878",
                "sha256:c0d4b04bbf96c47b6d360cd06939e72def512b20a18a8547fa4af810258355d5",
                "sha256:c54a2c0dd4957776ace7f95879d81582298c5daf89e77fb8bee7378f132951de",
                "sha256:cbf28ae4b5af0f05aa6e7551cee304f1d317dbed1eb7ac1d827cee2f1ef97a99",
                "sha256:d35f7a3a6cefec82bfdad2785e78359a0e6a5fbb3f605dd5623ce88082ccd681",
                "sha256:d3c59549f90a891691991c17f8e58c8544060fdf3ccdea267100fa5f561ff62f",
                "sha256:d7ae7a0576b06cb8e8a1c265a8bc4b73d05fdee6429bffc9a26a6eb531e79d72",
                "sha256:ecf4d0b56ee394a0984de15bceeb97cbe1fe485f1ac205121293fc44dcf3f31f",
                "sha256:f0e25bb91e7a02efccb50aba6591d3fe2c725479e34769802fcdd4076abfa917",
                "sha256:f23951a53d18398ef1344c186fb04b26163ca6ce449ebd23404b153fd111ded9",
                "sha256:ff7d241f866b718e4584fa95f520cb19405220c501bd3a53ee11871ba5166ea2"
            ],
            "version": "==2.10.0"
        },
        "imageio": {
            "hashes": [
                "sha256:3604d751f03002e8e0e7650aa71d8d9148144a87daf17cb1f3228e80747f2e6b",
                "sha256:52ddbaeca2dccf53ba2d6dec5676ca7bc3b2403ef8b37f7da78b7654bb3e10f0"
            ],
            "version": "==2.9.0"
        },
        "importlib-metadata": {
            "hashes": [
                "sha256:90bb658cdbbf6d1735b6341ce708fc7024a3e14e99ffdc5783edea9f9b077f83",
                "sha256:dc15b2969b4ce36305c51eebe62d418ac7791e9a157911d58bfb1f9ccd8e2070"
            ],
            "markers": "python_version < '3.8'",
            "version": "==1.7.0"
        },
        "keras-applications": {
            "hashes": [
                "sha256:5579f9a12bcde9748f4a12233925a59b93b73ae6947409ff34aa2ba258189fe5",
                "sha256:df4323692b8c1174af821bf906f1e442e63fa7589bf0f1230a0b6bdc5a810c95"
            ],
            "version": "==1.0.8"
        },
        "keras-preprocessing": {
            "hashes": [
                "sha256:7b82029b130ff61cc99b55f3bd27427df4838576838c5b2f65940e4fcec99a7b",
                "sha256:add82567c50c8bc648c14195bf544a5ce7c1f76761536956c3d2978970179ef3"
            ],
            "version": "==1.1.2"
        },
        "markdown": {
            "hashes": [
                "sha256:1fafe3f1ecabfb514a5285fca634a53c1b32a81cb0feb154264d55bf2ff22c17",
                "sha256:c467cd6233885534bf0fe96e62e3cf46cfc1605112356c4f9981512b8174de59"
            ],
            "markers": "python_version >= '3.5'",
            "version": "==3.2.2"
        },
        "nifpga": {
            "hashes": [
                "sha256:0167595ee8dbaaebe6c821b65d46939141baeaf0f05910bbc3289b272fab1674"
            ],
            "version": "==20.0.0"
        },
        "numpy": {
            "hashes": [
                "sha256:082f8d4dd69b6b688f64f509b91d482362124986d98dc7dc5f5e9f9b9c3bb983",
                "sha256:1bc0145999e8cb8aed9d4e65dd8b139adf1919e521177f198529687dbf613065",
                "sha256:309cbcfaa103fc9a33ec16d2d62569d541b79f828c382556ff072442226d1968",
                "sha256:3673c8b2b29077f1b7b3a848794f8e11f401ba0b71c49fbd26fb40b71788b132",
                "sha256:480fdd4dbda4dd6b638d3863da3be82873bba6d32d1fc12ea1b8486ac7b8d129",
                "sha256:56ef7f56470c24bb67fb43dae442e946a6ce172f97c69f8d067ff8550cf782ff",
                "sha256:5a936fd51049541d86ccdeef2833cc89a18e4d3808fe58a8abeb802665c5af93",
                "sha256:5b6885c12784a27e957294b60f97e8b5b4174c7504665333c5e94fbf41ae5d6a",
                "sha256:667c07063940e934287993366ad5f56766bc009017b4a0fe91dbd07960d0aba7",
                "sha256:7ed448ff4eaffeb01094959b19cbaf998ecdee9ef9932381420d514e446601cd",
                "sha256:8343bf67c72e09cfabfab55ad4a43ce3f6bf6e6ced7acf70f45ded9ebb425055",
                "sha256:92feb989b47f83ebef246adabc7ff3b9a59ac30601c3f6819f8913458610bdcc",
                "sha256:935c27ae2760c21cd7354402546f6be21d3d0c806fffe967f745d5f2de5005a7",
                "sha256:aaf42a04b472d12515debc621c31cf16c215e332242e7a9f56403d814c744624",
                "sha256:b12e639378c741add21fbffd16ba5ad25c0a1a17cf2b6fe4288feeb65144f35b",
                "sha256:b1cca51512299841bf69add3b75361779962f9cee7d9ee3bb446d5982e925b69",
                "sha256:b8456987b637232602ceb4d663cb34106f7eb780e247d51a260b84760fd8f491",
                "sha256:b9792b0ac0130b277536ab8944e7b754c69560dac0415dd4b2dbd16b902c8954",
                "sha256:c9591886fc9cbe5532d5df85cb8e0cc3b44ba8ce4367bd4cf1b93dc19713da72",
                "sha256:cf1347450c0b7644ea142712619533553f02ef23f92f781312f6a3553d031fc7",
                "sha256:de8b4a9b56255797cbddb93281ed92acbc510fb7b15df3f01bd28f46ebc4edae",
                "sha256:e1b1dc0372f530f26a03578ac75d5e51b3868b9b76cd2facba4c9ee0eb252ab1",
                "sha256:e45f8e981a0ab47103181773cc0a54e650b2aef8c7b6cd07405d0fa8d869444a",
                "sha256:e4f6d3c53911a9d103d8ec9518190e52a8b945bab021745af4939cfc7c0d4a9e",
                "sha256:ed8a311493cf5480a2ebc597d1e177231984c818a86875126cfd004241a73c3e",
                "sha256:ef71a1d4fd4858596ae80ad1ec76404ad29701f8ca7cdcebc50300178db14dfc"
            ],
            "index": "pypi",
            "version": "==1.19.1"
        },
        "opt-einsum": {
            "hashes": [
                "sha256:2455e59e3947d3c275477df7f5205b30635e266fe6dc300e3d9f9646bfcea147",
                "sha256:59f6475f77bbc37dcf7cd748519c0ec60722e91e63ca114e68821c0c54a46549"
            ],
            "markers": "python_version >= '3.5'",
            "version": "==3.3.0"
        },
        "pillow": {
            "hashes": [
                "sha256:0295442429645fa16d05bd567ef5cff178482439c9aad0411d3f0ce9b88b3a6f",
                "sha256:06aba4169e78c439d528fdeb34762c3b61a70813527a2c57f0540541e9f433a8",
                "sha256:09d7f9e64289cb40c2c8d7ad674b2ed6105f55dc3b09aa8e4918e20a0311e7ad",
                "sha256:0a80dd307a5d8440b0a08bd7b81617e04d870e40a3e46a32d9c246e54705e86f",
                "sha256:1ca594126d3c4def54babee699c055a913efb01e106c309fa6b04405d474d5ae",
                "sha256:25930fadde8019f374400f7986e8404c8b781ce519da27792cbe46eabec00c4d",
                "sha256:431b15cffbf949e89df2f7b48528be18b78bfa5177cb3036284a5508159492b5",
                "sha256:52125833b070791fcb5710fabc640fc1df07d087fc0c0f02d3661f76c23c5b8b",
                "sha256:5e51ee2b8114def244384eda1c82b10e307ad9778dac5c83fb0943775a653cd8",
                "sha256:612cfda94e9c8346f239bf1a4b082fdd5c8143cf82d685ba2dba76e7adeeb233",
                "sha256:6d7741e65835716ceea0fd13a7d0192961212fd59e741a46bbed7a473c634ed6",
                "sha256:6edb5446f44d901e8683ffb25ebdfc26988ee813da3bf91e12252b57ac163727",
                "sha256:725aa6cfc66ce2857d585f06e9519a1cc0ef6d13f186ff3447ab6dff0a09bc7f",
                "sha256:8dad18b69f710bf3a001d2bf3afab7c432785d94fcf819c16b5207b1cfd17d38",
                "sha256:94cf49723928eb6070a892cb39d6c156f7b5a2db4e8971cb958f7b6b104fb4c4",
                "sha256:97f9e7953a77d5a70f49b9a48da7776dc51e9b738151b22dacf101641594a626",
                "sha256:9ad7f865eebde135d526bb3163d0b23ffff365cf87e767c649550964ad72785d",
                "sha256:9c87ef410a58dd54b92424ffd7e28fd2ec65d2f7fc02b76f5e9b2067e355ebf6",
                "sha256:a060cf8aa332052df2158e5a119303965be92c3da6f2d93b6878f0ebca80b2f6",
                "sha256:c79f9c5fb846285f943aafeafda3358992d64f0ef58566e23484132ecd8d7d63",
                "sha256:c92302a33138409e8f1ad16731568c55c9053eee71bb05b6b744067e1b62380f",
                "sha256:d08b23fdb388c0715990cbc06866db554e1822c4bdcf6d4166cf30ac82df8c41",
                "sha256:d350f0f2c2421e65fbc62690f26b59b0bcda1b614beb318c81e38647e0f673a1",
                "sha256:e901964262a56d9ea3c2693df68bc9860b8bdda2b04768821e4c44ae797de117",
                "sha256:ec29604081f10f16a7aea809ad42e27764188fc258b02259a03a8ff7ded3808d",
                "sha256:edf31f1150778abd4322444c393ab9c7bd2af271dd4dafb4208fb613b1f3cdc9",
                "sha256:f7e30c27477dffc3e85c2463b3e649f751789e0f6c8456099eea7ddd53be4a8a",
                "sha256:ffe538682dc19cc542ae7c3e504fdf54ca7f86fb8a135e59dd6bc8627eae6cce"
            ],
            "markers": "python_version >= '3.5'",
            "version": "==7.2.0"
        },
        "protobuf": {
            "hashes": [
                "sha256:0bba42f439bf45c0f600c3c5993666fcb88e8441d011fad80a11df6f324eef33",
                "sha256:1e834076dfef9e585815757a2c7e4560c7ccc5962b9d09f831214c693a91b463",
                "sha256:339c3a003e3c797bc84499fa32e0aac83c768e67b3de4a5d7a5a9aa3b0da634c",
                "sha256:361acd76f0ad38c6e38f14d08775514fbd241316cce08deb2ce914c7dfa1184a",
                "sha256:3dee442884a18c16d023e52e32dd34a8930a889e511af493f6dc7d4d9bf12e4f",
                "sha256:4d1174c9ed303070ad59553f435846a2f877598f59f9afc1b89757bdf846f2a7",
                "sha256:5db9d3e12b6ede5e601b8d8684a7f9d90581882925c96acf8495957b4f1b204b",
                "sha256:6a82e0c8bb2bf58f606040cc5814e07715b2094caeba281e2e7d0b0e2e397db5",
                "sha256:8c35bcbed1c0d29b127c886790e9d37e845ffc2725cc1db4bd06d70f4e8359f4",
                "sha256:91c2d897da84c62816e2f473ece60ebfeab024a16c1751aaf31100127ccd93ec",
                "sha256:9c2e63c1743cba12737169c447374fab3dfeb18111a460a8c1a000e35836b18c",
                "sha256:9edfdc679a3669988ec55a989ff62449f670dfa7018df6ad7f04e8dbacb10630",
                "sha256:c0c5ab9c4b1eac0a9b838f1e46038c3175a95b0f2d944385884af72876bd6bc7",
                "sha256:c8abd7605185836f6f11f97b21200f8a864f9cb078a193fe3c9e235711d3ff1e",
                "sha256:d69697acac76d9f250ab745b46c725edf3e98ac24763990b24d58c16c642947a",
                "sha256:df3932e1834a64b46ebc262e951cd82c3cf0fa936a154f0a42231140d8237060",
                "sha256:e7662437ca1e0c51b93cadb988f9b353fa6b8013c0385d63a70c8a77d84da5f9",
                "sha256:f68eb9d03c7d84bd01c790948320b768de8559761897763731294e3bc316decb"
            ],
            "version": "==3.13.0"
        },
        "pyserial": {
            "hashes": [
                "sha256:6e2d401fdee0eab996cf734e67773a0143b932772ca8b42451440cfed942c627",
                "sha256:e0770fadba80c31013896c7e6ef703f72e7834965954a78e71a3049488d4d7d8"
            ],
            "version": "==3.4"
        },
        "pyside2": {
            "hashes": [
                "sha256:1478ea8a1ab5d8bc021ce41211933fbc238338fe70c02f7bcc2e80ea900dbf9e",
                "sha256:2d72150f63025b9b55097c1a64d09da37ff9191f73f69237500dec7a4a130541",
                "sha256:7ac86f31bc0a4fbf3f0bf00890e849441776be304c7b8bf259d777a7fe5fe913",
                "sha256:7c91a5074f3c60bac7e9336943a1dc9d5c8be8ab88a232dc55018e555dae81b2",
                "sha256:ae8158d611a410c58091aa8baf24005894b4e3f40c63ff2482149481ad5395b4",
                "sha256:de0220cc01a8bfdaa8ccd0fc934a1ead2aedca62b49b5fd4bdcdaba6f4585a03",
                "sha256:f9099e49fb2d3571f5a81eb9ff281ce832ce8c333052e8175e2356b9c3e4a882",
                "sha256:fad5ce781d0774bfad39f54b6c3376909b8d27f2075cbde6f4499df7dbd855f9"
            ],
            "markers": "python_version >= '2.7' and python_version not in '3.0, 3.1, 3.2, 3.3, 3.4' and python_version < '3.9'",
            "version": "==5.15.0"
        },
        "pyyaml": {
            "hashes": [
                "sha256:06a0d7ba600ce0b2d2fe2e78453a470b5a6e000a985dd4a4e54e436cc36b0e97",
                "sha256:240097ff019d7c70a4922b6869d8a86407758333f02203e0fc6ff79c5dcede76",
                "sha256:4f4b913ca1a7319b33cfb1369e91e50354d6f07a135f3b901aca02aa95940bd2",
                "sha256:69f00dca373f240f842b2931fb2c7e14ddbacd1397d57157a9b005a6a9942648",
                "sha256:73f099454b799e05e5ab51423c7bcf361c58d3206fa7b0d555426b1f4d9a3eaf",
                "sha256:74809a57b329d6cc0fdccee6318f44b9b8649961fa73144a98735b0aaf029f1f",
                "sha256:7739fc0fa8205b3ee8808aea45e968bc90082c10aef6ea95e855e10abf4a37b2",
                "sha256:95f71d2af0ff4227885f7a6605c37fd53d3a106fcab511b8860ecca9fcf400ee",
                "sha256:b8eac752c5e14d3eca0e6dd9199cd627518cb5ec06add0de9d32baeee6fe645d",
                "sha256:cc8955cfbfc7a115fa81d85284ee61147059a753344bc51098f3ccd69b0d7e0c",
                "sha256:d13155f591e6fcc1ec3b30685d50bf0711574e2c0dfffd7644babf8b5102ca1a"
            ],
            "version": "==5.3.1"
        },
        "qimage2ndarray": {
            "hashes": [
                "sha256:0ee784e3c3546c74fbfcf6b958e87edb79a690d198f8a4f20ee3ec443d749bdd",
                "sha256:b02bd2dc7de774f954544312ec1020cf2d7e03fdd23ec9eb79901da55ccb3365"
            ],
            "version": "==1.8.3"
        },
        "qtawesome": {
            "hashes": [
                "sha256:1387830e102ad6453837f10ca4f9954de090700f2a9e18c4a60de4b0279d24c1",
                "sha256:ca9719c82d41707f62c340811b23bcab95336e73edd88b7eab7fd951d2e27fab"
            ],
            "version": "==0.7.2"
        },
        "qtpy": {
            "hashes": [
                "sha256:2db72c44b55d0fe1407be8fba35c838ad0d6d3bb81f23007886dc1fc0f459c8d",
                "sha256:fa0b8363b363e89b2a6f49eddc162a04c0699ae95e109a6be3bb145a913190ea"
            ],
            "version": "==1.9.0"
        },
        "shiboken2": {
            "hashes": [
                "sha256:0826ce788fe55bce19a8f8a2c33d720a6ba8f59e1aab1fa9d7a53eceed3f3af5",
                "sha256:19d5f715e5ae8a815a7f148a8614a3225dceee6fd9d5decaa7749657f0f7ccbe",
                "sha256:41a9157fb9cc7e0c0747926b25c23c3f94d59d61736a6ff763ebc7acf6afc5cf",
                "sha256:4b0904e0967356a36e80cde05981faa14c120141856d973ee983eac0b83633c0",
                "sha256:5702e77ad5999ac45498c3cd47f5d078ce7406cf8dc8df74337b0cdc084bf762",
                "sha256:94991848e9ff4d03c2d7feab484113b5b5ad7f9fdfa0b0ff46ce18da47b36b58",
                "sha256:a92c55363d5cd3cfdd6cd28dcf91e81a00a3aa5bb177d712817c09d26bd760db",
                "sha256:e753324a78cbdab1c5917b5600c708a8db7e1336579e7afa20ed90edda15eefa"
            ],
            "markers": "python_version >= '2.7' and python_version not in '3.0, 3.1, 3.2, 3.3, 3.4' and python_version < '3.9'",
            "version": "==5.15.0"
        },
        "six": {
            "hashes": [
                "sha256:30639c035cdb23534cd4aa2dd52c3bf48f06e5f4a941509c8bafd8ce11080259",
                "sha256:8b74bedcbbbaca38ff6d7491d76f2b06b3592611af620f8426e82dddb04a5ced"
            ],
            "markers": "python_version >= '2.7' and python_version not in '3.0, 3.1, 3.2'",
            "version": "==1.15.0"
        },
        "tensorboard": {
            "hashes": [
                "sha256:4cad2c65f6011e51609b463014c014fd7c6ddd9c1263af1d4f18dd97ed88c2bc",
                "sha256:612b789386aa1b2c4804e1961273b37f8e4dd97613f98bc90ff0402d24627f50"
            ],
            "markers": "python_version >= '2.7' and python_version not in '3.0, 3.1'",
            "version": "==1.15.0"
        },
        "tensorflow": {
            "hashes": [
                "sha256:0a01def34c28298970dc83776dd43877fd59e43fddd8e960d01b6eb849ba9938",
                "sha256:1afb2e573fe666eb0dd6a45dbb7679de622a318fcc1fc401fb7819068f2d858b",
                "sha256:20bbda24b022c7cedd569bb36a6d620b68e0ea37afc91645c918971c72881388",
                "sha256:26b86d32f20dba79da30cb87d67a708678cc6c47f6e596c8783433e282e91f00",
                "sha256:5910cdde20a9143760d3b49f6d03a6a09ab5221e2f871eb51dbd422b80da07fc",
                "sha256:6265f7d86a66754b875e252effa01f7d54aa4464df3b71182d4be8b269b8a148",
                "sha256:79fbb4a38c6e6417d5eef8ccae00b16053750c5d61092ec7caabe4cea6870dc2",
                "sha256:8e4bb1c361a9b350497741c1d0a556d9592b5ce52c9b073d88dd053c182f3d15",
                "sha256:a214d7bbdae4093bab9a4c582bbf9c4464274cc9db99f94bb42b88c5c961a452",
                "sha256:af57e0e16adb4d6ccd387954c1d70e34cc4925b74da9135d2b83ca7d3dd9d102",
                "sha256:d1694e25887bc0d0c31d6c7d9c92c8bf9e0499085c7e5a9dbaacf675c44027a8"
            ],
            "index": "pypi",
            "version": "==1.15"
        },
        "tensorflow-estimator": {
            "hashes": [
                "sha256:8853bfb7c3c96fbdc80b3d66c37a10af6ccbcd235dc87474764270c02a0f86b9"
            ],
            "version": "==1.15.1"
        },
        "termcolor": {
            "hashes": [
                "sha256:1d6d69ce66211143803fbc56652b41d73b4a400a2891d7bf7a1cdf4c02de613b"
            ],
            "version": "==1.1.0"
        },
        "tifffile": {
            "hashes": [
                "sha256:5b5f079d61c473795d71aca4e91068811fbb43f6f115e3ef9e77f079c23b17c4",
                "sha256:e7c03c5827def91bec6e353e728f4bd02f35f08b142cd520f66b21f31ff4402b"
            ],
            "markers": "python_version >= '3.6'",
            "version": "==2020.9.3"
        },
        "werkzeug": {
            "hashes": [
                "sha256:2de2a5db0baeae7b2d2664949077c2ac63fbd16d98da0ff71837f7d1dea3fd43",
                "sha256:6c80b1e5ad3665290ea39320b91e1be1e0d5f60652b964a3070216de83d2e47c"
            ],
            "markers": "python_version >= '2.7' and python_version not in '3.0, 3.1, 3.2, 3.3, 3.4'",
            "version": "==1.0.1"
        },
        "wheel": {
            "hashes": [
                "sha256:497add53525d16c173c2c1c733b8f655510e909ea78cc0e29d374243544b77a2",
                "sha256:99a22d87add3f634ff917310a3d87e499f19e663413a52eb9232c447aa646c9f"
            ],
            "markers": "python_version >= '3'",
            "version": "==0.35.1"
        },
        "wrapt": {
            "hashes": [
                "sha256:b62ffa81fb85f4332a4f609cab4ac40709470da05643a082ec1eb88e6d9b97d7"
            ],
            "version": "==1.12.1"
        },
        "zipp": {
            "hashes": [
                "sha256:aa36550ff0c0b7ef7fa639055d797116ee891440eac1a56f378e2d3179e0320b",
                "sha256:c599e4d75c98f6798c509911d08a22e6c021d074469042177c8c86fb92eefd96"
            ],
            "markers": "python_version >= '3.6'",
            "version": "==3.1.0"
        }
    },
    "develop": {}
}
